
Microsoft Visual Studio Solution File, Format Version 12.00
# Visual Studio 14
VisualStudioVersion = 14.0.25420.1
MinimumVisualStudioVersion = 10.0.40219.1
Project("{FAE04EC0-301F-11D3-BF4B-00C04F79EFBC}") = "WebAppSandbox", "WebAppSandbox\WebAppSandbox.csproj", "{392AF4E9-59ED-45BE-A631-4991C61388A2}"
EndProject
Project("{FAE04EC0-301F-11D3-BF4B-00C04F79EFBC}") = "WebAppSandbox.Tests", "WebAppSandbox.Tests\WebAppSandbox.Tests.csproj", "{E396D29C-5A36-415D-B26E-91D983FFA49D}"
EndProject
Global
	GlobalSection(SolutionConfigurationPlatforms) = preSolution
		Debug|Any CPU = Debug|Any CPU
		Release|Any CPU = Release|Any CPU
	EndGlobalSection
	GlobalSection(ProjectConfigurationPlatforms) = postSolution
		{392AF4E9-59ED-45BE-A631-4991C61388A2}.Debug|Any CPU.ActiveCfg = Debug|Any CPU
		{392AF4E9-59ED-45BE-A631-4991C61388A2}.Debug|Any CPU.Build.0 = Debug|Any CPU
		{392AF4E9-59ED-45BE-A631-4991C61388A2}.Release|Any CPU.ActiveCfg = Release|Any CPU
		{392AF4E9-59ED-45BE-A631-4991C61388A2}.Release|Any CPU.Build.0 = Release|Any CPU
		{E396D29C-5A36-415D-B26E-91D983FFA49D}.Debug|Any CPU.ActiveCfg = Debug|Any CPU
		{E396D29C-5A36-415D-B26E-91D983FFA49D}.Debug|Any CPU.Build.0 = Debug|Any CPU
		{E396D29C-5A36-415D-B26E-91D983FFA49D}.Release|Any CPU.ActiveCfg = Release|Any CPU
		{E396D29C-5A36-415D-B26E-91D983FFA49D}.Release|Any CPU.Build.0 = Release|Any CPU
	EndGlobalSection
	GlobalSection(SolutionProperties) = preSolution
		HideSolutionNode = FALSE
	EndGlobalSection
EndGlobal
